
Microsoft Visual Studio Solution File, Format Version 12.00
# Visual Studio 15
VisualStudioVersion = 15.0.27703.2000
MinimumVisualStudioVersion = 10.0.40219.1
Project("{FAE04EC0-301F-11D3-BF4B-00C04F79EFBC}") = "BLL", "BLL\BLL.csproj", "{AB0D0AA3-D831-420C-BB41-0E2A9BDEE688}"
EndProject
Project("{FAE04EC0-301F-11D3-BF4B-00C04F79EFBC}") = "Domain", "Domain\Domain.csproj", "{C086E6ED-F9D2-466B-9E16-4EE1E6D5A99C}"
EndProject
Project("{FAE04EC0-301F-11D3-BF4B-00C04F79EFBC}") = "DAL", "DAL\DAL.csproj", "{9C90BF81-EE58-4093-A037-A69C49D7A49B}"
EndProject
Project("{FAE04EC0-301F-11D3-BF4B-00C04F79EFBC}") = "Console_App", "Console_App\Console_App.csproj", "{00EB398C-FD37-44A0-B3EB-E73FB08E487D}"
EndProject
Project("{FAE04EC0-301F-11D3-BF4B-00C04F79EFBC}") = "WebApplication", "WebApplication\WebApplication.csproj", "{4AF038C5-4278-47E3-B56F-CFC853A8B16F}"
EndProject
Global
	GlobalSection(SolutionConfigurationPlatforms) = preSolution
		Debug|Any CPU = Debug|Any CPU
		Release|Any CPU = Release|Any CPU
	EndGlobalSection
	GlobalSection(ProjectConfigurationPlatforms) = postSolution
		{AB0D0AA3-D831-420C-BB41-0E2A9BDEE688}.Debug|Any CPU.ActiveCfg = Debug|Any CPU
		{AB0D0AA3-D831-420C-BB41-0E2A9BDEE688}.Debug|Any CPU.Build.0 = Debug|Any CPU
		{AB0D0AA3-D831-420C-BB41-0E2A9BDEE688}.Release|Any CPU.ActiveCfg = Release|Any CPU
		{AB0D0AA3-D831-420C-BB41-0E2A9BDEE688}.Release|Any CPU.Build.0 = Release|Any CPU
		{C086E6ED-F9D2-466B-9E16-4EE1E6D5A99C}.Debug|Any CPU.ActiveCfg = Debug|Any CPU
		{C086E6ED-F9D2-466B-9E16-4EE1E6D5A99C}.Debug|Any CPU.Build.0 = Debug|Any CPU
		{C086E6ED-F9D2-466B-9E16-4EE1E6D5A99C}.Release|Any CPU.ActiveCfg = Release|Any CPU
		{C086E6ED-F9D2-466B-9E16-4EE1E6D5A99C}.Release|Any CPU.Build.0 = Release|Any CPU
		{9C90BF81-EE58-4093-A037-A69C49D7A49B}.Debug|Any CPU.ActiveCfg = Debug|Any CPU
		{9C90BF81-EE58-4093-A037-A69C49D7A49B}.Debug|Any CPU.Build.0 = Debug|Any CPU
		{9C90BF81-EE58-4093-A037-A69C49D7A49B}.Release|Any CPU.ActiveCfg = Release|Any CPU
		{9C90BF81-EE58-4093-A037-A69C49D7A49B}.Release|Any CPU.Build.0 = Release|Any CPU
		{00EB398C-FD37-44A0-B3EB-E73FB08E487D}.Debug|Any CPU.ActiveCfg = Debug|Any CPU
		{00EB398C-FD37-44A0-B3EB-E73FB08E487D}.Debug|Any CPU.Build.0 = Debug|Any CPU
		{00EB398C-FD37-44A0-B3EB-E73FB08E487D}.Release|Any CPU.ActiveCfg = Release|Any CPU
		{00EB398C-FD37-44A0-B3EB-E73FB08E487D}.Release|Any CPU.Build.0 = Release|Any CPU
		{4AF038C5-4278-47E3-B56F-CFC853A8B16F}.Debug|Any CPU.ActiveCfg = Debug|Any CPU
		{4AF038C5-4278-47E3-B56F-CFC853A8B16F}.Debug|Any CPU.Build.0 = Debug|Any CPU
		{4AF038C5-4278-47E3-B56F-CFC853A8B16F}.Release|Any CPU.ActiveCfg = Release|Any CPU
		{4AF038C5-4278-47E3-B56F-CFC853A8B16F}.Release|Any CPU.Build.0 = Release|Any CPU
	EndGlobalSection
	GlobalSection(SolutionProperties) = preSolution
		HideSolutionNode = FALSE
	EndGlobalSection
	GlobalSection(ExtensibilityGlobals) = postSolution
		SolutionGuid = {2C50153D-D0CD-42E9-89CB-AFACC060423A}
	EndGlobalSection
EndGlobal
